
Microsoft Visual Studio Solution File, Format Version 12.00
# Visual Studio Version 16
VisualStudioVersion = 16.0.30523.141
MinimumVisualStudioVersion = 10.0.40219.1
Project("{FAE04EC0-301F-11D3-BF4B-00C04F79EFBC}") = "Server", "ChatServer\Server.csproj", "{1720A482-721D-422C-A45F-5F16B98C51F8}"
EndProject
Project("{FAE04EC0-301F-11D3-BF4B-00C04F79EFBC}") = "Client", "ChatClient\Client.csproj", "{8AE8AFB8-0B54-4F3B-8A78-3269F5E0BEBC}"
EndProject
Global
	GlobalSection(SolutionConfigurationPlatforms) = preSolution
		Debug|Any CPU = Debug|Any CPU
		Release|Any CPU = Release|Any CPU
	EndGlobalSection
	GlobalSection(ProjectConfigurationPlatforms) = postSolution
		{1720A482-721D-422C-A45F-5F16B98C51F8}.Debug|Any CPU.ActiveCfg = Debug|Any CPU
		{1720A482-721D-422C-A45F-5F16B98C51F8}.Debug|Any CPU.Build.0 = Debug|Any CPU
		{1720A482-721D-422C-A45F-5F16B98C51F8}.Release|Any CPU.ActiveCfg = Release|Any CPU
		{1720A482-721D-422C-A45F-5F16B98C51F8}.Release|Any CPU.Build.0 = Release|Any CPU
		{8AE8AFB8-0B54-4F3B-8A78-3269F5E0BEBC}.Debug|Any CPU.ActiveCfg = Debug|Any CPU
		{8AE8AFB8-0B54-4F3B-8A78-3269F5E0BEBC}.Debug|Any CPU.Build.0 = Debug|Any CPU
		{8AE8AFB8-0B54-4F3B-8A78-3269F5E0BEBC}.Release|Any CPU.ActiveCfg = Release|Any CPU
		{8AE8AFB8-0B54-4F3B-8A78-3269F5E0BEBC}.Release|Any CPU.Build.0 = Release|Any CPU
	EndGlobalSection
	GlobalSection(SolutionProperties) = preSolution
		HideSolutionNode = FALSE
	EndGlobalSection
	GlobalSection(ExtensibilityGlobals) = postSolution
		SolutionGuid = {8C33CA97-BFAF-4DA7-8336-9500849678F9}
	EndGlobalSection
EndGlobal
